
Microsoft Visual Studio Solution File, Format Version 12.00
# Visual Studio Version 16
VisualStudioVersion = 16.0.30413.136
MinimumVisualStudioVersion = 10.0.40219.1
Project("{888888A0-9F3D-457C-B088-3A5042F75D52}") = "FlaksWebsite 1", "FlaksWebsite 1\FlaksWebsite 1.pyproj", "{FBC2354C-6599-401C-A4A5-6E33F47ED1EE}"
EndProject
Global
	GlobalSection(SolutionConfigurationPlatforms) = preSolution
		Debug|Any CPU = Debug|Any CPU
		Release|Any CPU = Release|Any CPU
	EndGlobalSection
	GlobalSection(ProjectConfigurationPlatforms) = postSolution
		{FBC2354C-6599-401C-A4A5-6E33F47ED1EE}.Debug|Any CPU.ActiveCfg = Debug|Any CPU
		{FBC2354C-6599-401C-A4A5-6E33F47ED1EE}.Debug|Any CPU.Build.0 = Debug|Any CPU
		{FBC2354C-6599-401C-A4A5-6E33F47ED1EE}.Release|Any CPU.ActiveCfg = Release|Any CPU
		{FBC2354C-6599-401C-A4A5-6E33F47ED1EE}.Release|Any CPU.Build.0 = Release|Any CPU
	EndGlobalSection
	GlobalSection(SolutionProperties) = preSolution
		HideSolutionNode = FALSE
	EndGlobalSection
	GlobalSection(ExtensibilityGlobals) = postSolution
		SolutionGuid = {3BE06C6D-996B-4F5E-A3E9-A8C0B088A495}
	EndGlobalSection
EndGlobal
